// !$*UTF8*$!
{
	archiveVersion = 1;
	classes = {
	};
	objectVersion = 48;
	objects = {

/* Begin PBXBuildFile section */
		2C628C5C1FAC0C4300B53212 /* AppDelegate.m in Sources */ = {isa = PBXBuildFile; fileRef = 2C628C5B1FAC0C4300B53212 /* AppDelegate.m */; };
		2C628C5F1FAC0C4300B53212 /* ViewController.m in Sources */ = {isa = PBXBuildFile; fileRef = 2C628C5E1FAC0C4300B53212 /* ViewController.m */; };
		2C628C621FAC0C4300B53212 /* Main.storyboard in Resources */ = {isa = PBXBuildFile; fileRef = 2C628C601FAC0C4300B53212 /* Main.storyboard */; };
		2C628C641FAC0C4300B53212 /* Assets.xcassets in Resources */ = {isa = PBXBuildFile; fileRef = 2C628C631FAC0C4300B53212 /* Assets.xcassets */; };
		2C628C671FAC0C4300B53212 /* LaunchScreen.storyboard in Resources */ = {isa = PBXBuildFile; fileRef = 2C628C651FAC0C4300B53212 /* LaunchScreen.storyboard */; };
		2C628C6A1FAC0C4300B53212 /* main.m in Sources */ = {isa = PBXBuildFile; fileRef = 2C628C691FAC0C4300B53212 /* main.m */; };
		2C628C741FAC0C4300B53212 /* TestFrameworkUITests.m in Sources */ = {isa = PBXBuildFile; fileRef = 2C628C731FAC0C4300B53212 /* TestFrameworkUITests.m */; };
		553ADB070C256C5E08FDA58C /* libPods-TestFramework.a in Frameworks */ = {isa = PBXBuildFile; fileRef = 2AC7DE72C07C0F80D6E75C77 /* libPods-TestFramework.a */; };
/* End PBXBuildFile section */

/* Begin PBXContainerItemProxy section */
		2C628C701FAC0C4300B53212 /* PBXContainerItemProxy */ = {
			isa = PBXContainerItemProxy;
			containerPortal = 2C628C4F1FAC0C4300B53212 /* Project object */;
			proxyType = 1;
			remoteGlobalIDString = 2C628C561FAC0C4300B53212;
			remoteInfo = TestFramework;
		};
/* End PBXContainerItemProxy section */

/* Begin PBXFileReference section */
		2AC7DE72C07C0F80D6E75C77 /* libPods-TestFramework.a */ = {isa = PBXFileReference; explicitFileType = archive.ar; includeInIndex = 0; path = "libPods-TestFramework.a"; sourceTree = BUILT_PRODUCTS_DIR; };
		2C628C571FAC0C4300B53212 /* TestFramework.app */ = {isa = PBXFileReference; explicitFileType = wrapper.application; includeInIndex = 0; path = TestFramework.app; sourceTree = BUILT_PRODUCTS_DIR; };
		2C628C5A1FAC0C4300B53212 /* AppDelegate.h */ = {isa = PBXFileReference; lastKnownFileType = sourcecode.c.h; path = AppDelegate.h; sourceTree = "<group>"; };
		2C628C5B1FAC0C4300B53212 /* AppDelegate.m */ = {isa = PBXFileReference; lastKnownFileType = sourcecode.c.objc; path = AppDelegate.m; sourceTree = "<group>"; };
		2C628C5D1FAC0C4300B53212 /* ViewController.h */ = {isa = PBXFileReference; lastKnownFileType = sourcecode.c.h; path = ViewController.h; sourceTree = "<group>"; };
		2C628C5E1FAC0C4300B53212 /* ViewController.m */ = {isa = PBXFileReference; lastKnownFileType = sourcecode.c.objc; path = ViewController.m; sourceTree = "<group>"; };
		2C628C611FAC0C4300B53212 /* Base */ = {isa = PBXFileReference; lastKnownFileType = file.storyboard; name = Base; path = Base.lproj/Main.storyboard; sourceTree = "<group>"; };
		2C628C631FAC0C4300B53212 /* Assets.xcassets */ = {isa = PBXFileReference; lastKnownFileType = folder.assetcatalog; path = Assets.xcassets; sourceTree = "<group>"; };
		2C628C661FAC0C4300B53212 /* Base */ = {isa = PBXFileReference; lastKnownFileType = file.storyboard; name = Base; path = Base.lproj/LaunchScreen.storyboard; sourceTree = "<group>"; };
		2C628C681FAC0C4300B53212 /* Info.plist */ = {isa = PBXFileReference; lastKnownFileType = text.plist.xml; path = Info.plist; sourceTree = "<group>"; };
		2C628C691FAC0C4300B53212 /* main.m */ = {isa = PBXFileReference; lastKnownFileType = sourcecode.c.objc; path = main.m; sourceTree = "<group>"; };
		2C628C6F1FAC0C4300B53212 /* TestFrameworkUITests.xctest */ = {isa = PBXFileReference; explicitFileType = wrapper.cfbundle; includeInIndex = 0; path = TestFrameworkUITests.xctest; sourceTree = BUILT_PRODUCTS_DIR; };
		2C628C731FAC0C4300B53212 /* TestFrameworkUITests.m */ = {isa = PBXFileReference; lastKnownFileType = sourcecode.c.objc; path = TestFrameworkUITests.m; sourceTree = "<group>"; };
		2C628C751FAC0C4300B53212 /* Info.plist */ = {isa = PBXFileReference; lastKnownFileType = text.plist.xml; path = Info.plist; sourceTree = "<group>"; };
		B09E80B1245FFEC312FF19E9 /* Pods-TestFramework.release.xcconfig */ = {isa = PBXFileReference; includeInIndex = 1; lastKnownFileType = text.xcconfig; name = "Pods-TestFramework.release.xcconfig"; path = "Pods/Target Support Files/Pods-TestFramework/Pods-TestFramework.release.xcconfig"; sourceTree = "<group>"; };
		FE6CBC75688A48BE711F51D2 /* Pods-TestFramework.debug.xcconfig */ = {isa = PBXFileReference; includeInIndex = 1; lastKnownFileType = text.xcconfig; name = "Pods-TestFramework.debug.xcconfig"; path = "Pods/Target Support Files/Pods-TestFramework/Pods-TestFramework.debug.xcconfig"; sourceTree = "<group>"; };
/* End PBXFileReference section */

/* Begin PBXFrameworksBuildPhase section */
		2C628C541FAC0C4300B53212 /* Frameworks */ = {
			isa = PBXFrameworksBuildPhase;
			buildActionMask = 2147483647;
			files = (
				553ADB070C256C5E08FDA58C /* libPods-TestFramework.a in Frameworks */,
			);
			runOnlyForDeploymentPostprocessing = 0;
		};
		2C628C6C1FAC0C4300B53212 /* Frameworks */ = {
			isa = PBXFrameworksBuildPhase;
			buildActionMask = 2147483647;
			files = (
			);
			runOnlyForDeploymentPostprocessing = 0;
		};
/* End PBXFrameworksBuildPhase section */

/* Begin PBXGroup section */
		2C628C4E1FAC0C4300B53212 = {
			isa = PBXGroup;
			children = (
				2C628C591FAC0C4300B53212 /* TestFramework */,
				2C628C721FAC0C4300B53212 /* TestFrameworkUITests */,
				2C628C581FAC0C4300B53212 /* Products */,
				97AE3174764935338F4304AC /* Pods */,
				79642BB08B25D0254FAC78E1 /* Frameworks */,
			);
			sourceTree = "<group>";
		};
		2C628C581FAC0C4300B53212 /* Products */ = {
			isa = PBXGroup;
			children = (
				2C628C571FAC0C4300B53212 /* TestFramework.app */,
				2C628C6F1FAC0C4300B53212 /* TestFrameworkUITests.xctest */,
			);
			name = Products;
			sourceTree = "<group>";
		};
		2C628C591FAC0C4300B53212 /* TestFramework */ = {
			isa = PBXGroup;
			children = (
				2C628C5A1FAC0C4300B53212 /* AppDelegate.h */,
				2C628C5B1FAC0C4300B53212 /* AppDelegate.m */,
				2C628C5D1FAC0C4300B53212 /* ViewController.h */,
				2C628C5E1FAC0C4300B53212 /* ViewController.m */,
				2C628C601FAC0C4300B53212 /* Main.storyboard */,
				2C628C631FAC0C4300B53212 /* Assets.xcassets */,
				2C628C651FAC0C4300B53212 /* LaunchScreen.storyboard */,
				2C628C681FAC0C4300B53212 /* Info.plist */,
				2C628C691FAC0C4300B53212 /* main.m */,
			);
			path = TestFramework;
			sourceTree = "<group>";
		};
		2C628C721FAC0C4300B53212 /* TestFrameworkUITests */ = {
			isa = PBXGroup;
			children = (
				2C628C731FAC0C4300B53212 /* TestFrameworkUITests.m */,
				2C628C751FAC0C4300B53212 /* Info.plist */,
			);
			path = TestFrameworkUITests;
			sourceTree = "<group>";
		};
		79642BB08B25D0254FAC78E1 /* Frameworks */ = {
			isa = PBXGroup;
			children = (
				2AC7DE72C07C0F80D6E75C77 /* libPods-TestFramework.a */,
			);
			name = Frameworks;
			sourceTree = "<group>";
		};
		97AE3174764935338F4304AC /* Pods */ = {
			isa = PBXGroup;
			children = (
				FE6CBC75688A48BE711F51D2 /* Pods-TestFramework.debug.xcconfig */,
				B09E80B1245FFEC312FF19E9 /* Pods-TestFramework.release.xcconfig */,
			);
			name = Pods;
			sourceTree = "<group>";
		};
/* End PBXGroup section */

/* Begin PBXNativeTarget section */
		2C628C561FAC0C4300B53212 /* TestFramework */ = {
			isa = PBXNativeTarget;
			buildConfigurationList = 2C628C781FAC0C4300B53212 /* Build configuration list for PBXNativeTarget "TestFramework" */;
			buildPhases = (
				9E196F9BE30FFD35F3C08C35 /* [CP] Check Pods Manifest.lock */,
				2C628C531FAC0C4300B53212 /* Sources */,
				2C628C541FAC0C4300B53212 /* Frameworks */,
				2C628C551FAC0C4300B53212 /* Resources */,
				B4124B7E9585D07C7EB94275 /* [CP] Embed Pods Frameworks */,
				41997E6A2AAD7BE5137B944F /* [CP] Copy Pods Resources */,
			);
			buildRules = (
			);
			dependencies = (
			);
			name = TestFramework;
			productName = TestFramework;
			productReference = 2C628C571FAC0C4300B53212 /* TestFramework.app */;
			productType = "com.apple.product-type.application";
		};
		2C628C6E1FAC0C4300B53212 /* TestFrameworkUITests */ = {
			isa = PBXNativeTarget;
			buildConfigurationList = 2C628C7B1FAC0C4300B53212 /* Build configuration list for PBXNativeTarget "TestFrameworkUITests" */;
			buildPhases = (
				2C628C6B1FAC0C4300B53212 /* Sources */,
				2C628C6C1FAC0C4300B53212 /* Frameworks */,
				2C628C6D1FAC0C4300B53212 /* Resources */,
			);
			buildRules = (
			);
			dependencies = (
				2C628C711FAC0C4300B53212 /* PBXTargetDependency */,
			);
			name = TestFrameworkUITests;
			productName = TestFrameworkUITests;
			productReference = 2C628C6F1FAC0C4300B53212 /* TestFrameworkUITests.xctest */;
			productType = "com.apple.product-type.bundle.ui-testing";
		};
/* End PBXNativeTarget section */

/* Begin PBXProject section */
		2C628C4F1FAC0C4300B53212 /* Project object */ = {
			isa = PBXProject;
			attributes = {
				LastUpgradeCheck = 0900;
				ORGANIZATIONNAME = Mifit;
				TargetAttributes = {
					2C628C561FAC0C4300B53212 = {
						CreatedOnToolsVersion = 9.0.1;
						ProvisioningStyle = Automatic;
					};
					2C628C6E1FAC0C4300B53212 = {
						CreatedOnToolsVersion = 9.0.1;
						ProvisioningStyle = Automatic;
						TestTargetID = 2C628C561FAC0C4300B53212;
					};
				};
			};
			buildConfigurationList = 2C628C521FAC0C4300B53212 /* Build configuration list for PBXProject "TestFramework" */;
			compatibilityVersion = "Xcode 8.0";
			developmentRegion = en;
			hasScannedForEncodings = 0;
			knownRegions = (
				en,
				Base,
			);
			mainGroup = 2C628C4E1FAC0C4300B53212;
			productRefGroup = 2C628C581FAC0C4300B53212 /* Products */;
			projectDirPath = "";
			projectRoot = "";
			targets = (
				2C628C561FAC0C4300B53212 /* TestFramework */,
				2C628C6E1FAC0C4300B53212 /* TestFrameworkUITests */,
			);
		};
/* End PBXProject section */

/* Begin PBXResourcesBuildPhase section */
		2C628C551FAC0C4300B53212 /* Resources */ = {
			isa = PBXResourcesBuildPhase;
			buildActionMask = 2147483647;
			files = (
				2C628C671FAC0C4300B53212 /* LaunchScreen.storyboard in Resources */,
				2C628C641FAC0C4300B53212 /* Assets.xcassets in Resources */,
				2C628C621FAC0C4300B53212 /* Main.storyboard in Resources */,
			);
			runOnlyForDeploymentPostprocessing = 0;
		};
		2C628C6D1FAC0C4300B53212 /* Resources */ = {
			isa = PBXResourcesBuildPhase;
			buildActionMask = 2147483647;
			files = (
			);
			runOnlyForDeploymentPostprocessing = 0;
		};
/* End PBXResourcesBuildPhase section */

/* Begin PBXShellScriptBuildPhase section */
		41997E6A2AAD7BE5137B944F /* [CP] Copy Pods Resources */ = {
			isa = PBXShellScriptBuildPhase;
			buildActionMask = 2147483647;
			files = (
			);
			inputPaths = (
				"${SRCROOT}/Pods/Target Support Files/Pods-TestFramework/Pods-TestFramework-resources.sh",
				"${PODS_ROOT}/SVProgressHUD/SVProgressHUD/SVProgressHUD.bundle",
				"${PODS_ROOT}/XImageEdit/XImageEdit/Cut/APImageCut.storyboard",
				"${PODS_ROOT}/XImageEdit/XImageEdit/Draw/APImageDrawboard.storyboard",
				"${PODS_ROOT}/XImageEdit/XImageEdit/EditMain/APImageEdit.storyboard",
				"${PODS_ROOT}/XImageEdit/XImageEdit/Enhance/APImageEnhance.storyboard",
				"${PODS_ROOT}/XImageEdit/XImageEdit/Filter/APImageBlur.storyboard",
				"${PODS_ROOT}/XImageEdit/XImageEdit/Filter/APImageFilter.storyboard",
				"${PODS_ROOT}/XImageEdit/XImageEdit/Filter/APImageVignette.storyboard",
				"${PODS_ROOT}/XImageEdit/XImageEdit/Text/APImageText.storyboard",
				"${PODS_ROOT}/XImageEdit/XImageEdit/Text/优雅连笔字体.ttf",
				"${PODS_ROOT}/XImageEdit/XImageEdit/Text/咪咪体.ttf",
				"${PODS_ROOT}/XImageEdit/XImageEdit/Text/左左梦巷.ttf",
				"${PODS_ROOT}/XImageEdit/XImageEdit/Text/慌梦.ttf",
				"${PODS_ROOT}/XImageEdit/XImageEdit/Text/方圆硬笔行书简.ttf",
				"${PODS_ROOT}/XImageEdit/XImageEdit/Text/玉米诗情体.ttf",
				"${PODS_ROOT}/XImageEdit/XImageEdit/Text/萌妹子字体(6000字).ttf",
				"${PODS_ROOT}/XImageEdit/XImageEdit/Commom/Filter/beautyFragmentShader.glsl",
				"${PODS_ROOT}/XImageEdit/XImageEdit/Commom/Filter/beautyVertexShader.glsl",
				"${PODS_ROOT}/XImageEdit/XImageEdit/Commom/Filter/coolFragmentShader.glsl",
				"${PODS_ROOT}/XImageEdit/XImageEdit/Commom/Filter/coolVertextShader.glsl",
				"${PODS_ROOT}/XImageEdit/XImageEdit/Commom/Filter/crayonFragmentShader.glsl",
				"${PODS_ROOT}/XImageEdit/XImageEdit/Commom/Filter/crayonVertexShader.glsl",
				"${PODS_ROOT}/XImageEdit/XImageEdit/Commom/Filter/earlyBirdFragmentShader.glsl",
				"${PODS_ROOT}/XImageEdit/XImageEdit/Commom/Filter/earlyBirdVertexShader.glsl",
				"${PODS_ROOT}/XImageEdit/XImageEdit/Commom/Filter/fairytaleFragmentShader.glsl",
				"${PODS_ROOT}/XImageEdit/XImageEdit/Commom/Filter/fairytaleVertexShader.glsl",
				"${PODS_ROOT}/XImageEdit/XImageEdit/Commom/Filter/inkwellFragmentShader.glsl",
				"${PODS_ROOT}/XImageEdit/XImageEdit/Commom/Filter/inkwellVertexShader.glsl",
				"${PODS_ROOT}/XImageEdit/XImageEdit/Commom/Filter/sketchFragmentShader.glsl",
				"${PODS_ROOT}/XImageEdit/XImageEdit/Commom/Filter/sketchVertextShader.glsl",
				"${PODS_ROOT}/XImageEdit/XImageEdit/Commom/Filter/warmFragmentShader.glsl",
				"${PODS_ROOT}/XImageEdit/XImageEdit/Commom/Filter/warmVertextShader.glsl",
				"${PODS_ROOT}/XImageEdit/XImageEdit/Commom/Filter/whitecatFragmentShader.glsl",
				"${PODS_ROOT}/XImageEdit/XImageEdit/Commom/Filter/whitecatVertexShader.glsl",
				"${PODS_ROOT}/XImageEdit/XImageEdit/Commom/Filter/bluevintage_mask1.bmp",
				"${PODS_ROOT}/XImageEdit/XImageEdit/Commom/Filter/earlybirdblowout.bmp",
				"${PODS_ROOT}/XImageEdit/XImageEdit/Commom/Filter/earlybirdcurves.bmp",
				"${PODS_ROOT}/XImageEdit/XImageEdit/Commom/Filter/earlybirdmap.bmp",
				"${PODS_ROOT}/XImageEdit/XImageEdit/Commom/Filter/earlybirdoverlaymap_new.bmp",
				"${PODS_ROOT}/XImageEdit/XImageEdit/Commom/Filter/fairy_tale.bmp",
				"${PODS_ROOT}/XImageEdit/XImageEdit/Commom/Filter/inkwellmap.bmp",
				"${PODS_ROOT}/XImageEdit/XImageEdit/Commom/Filter/vignettemap_new.bmp",
				"${PODS_ROOT}/XImageEdit/XImageEdit/Commom/Filter/warm_layer1.bmp",
				"${PODS_ROOT}/XImageEdit/XImageEdit/Commom/CustomView/Progresss/APProgressView.xib",
				"${PODS_ROOT}/XImageEdit/XImageEdit/Text/APImageLabel.xib",
			);
			name = "[CP] Copy Pods Resources";
			outputPaths = (
				"${TARGET_BUILD_DIR}/${UNLOCALIZED_RESOURCES_FOLDER_PATH}",
			);
			runOnlyForDeploymentPostprocessing = 0;
			shellPath = /bin/sh;
			shellScript = "\"${SRCROOT}/Pods/Target Support Files/Pods-TestFramework/Pods-TestFramework-resources.sh\"\n";
			showEnvVarsInLog = 0;
		};
		9E196F9BE30FFD35F3C08C35 /* [CP] Check Pods Manifest.lock */ = {
			isa = PBXShellScriptBuildPhase;
			buildActionMask = 2147483647;
			files = (
			);
			inputPaths = (
				"${PODS_PODFILE_DIR_PATH}/Podfile.lock",
				"${PODS_ROOT}/Manifest.lock",
			);
			name = "[CP] Check Pods Manifest.lock";
			outputPaths = (
				"$(DERIVED_FILE_DIR)/Pods-TestFramework-checkManifestLockResult.txt",
			);
			runOnlyForDeploymentPostprocessing = 0;
			shellPath = /bin/sh;
			shellScript = "diff \"${PODS_PODFILE_DIR_PATH}/Podfile.lock\" \"${PODS_ROOT}/Manifest.lock\" > /dev/null\nif [ $? != 0 ] ; then\n    # print error to STDERR\n    echo \"error: The sandbox is not in sync with the Podfile.lock. Run 'pod install' or update your CocoaPods installation.\" >&2\n    exit 1\nfi\n# This output is used by Xcode 'outputs' to avoid re-running this script phase.\necho \"SUCCESS\" > \"${SCRIPT_OUTPUT_FILE_0}\"\n";
			showEnvVarsInLog = 0;
		};
		B4124B7E9585D07C7EB94275 /* [CP] Embed Pods Frameworks */ = {
			isa = PBXShellScriptBuildPhase;
			buildActionMask = 2147483647;
			files = (
			);
			inputPaths = (
			);
			name = "[CP] Embed Pods Frameworks";
			outputPaths = (
			);
			runOnlyForDeploymentPostprocessing = 0;
			shellPath = /bin/sh;
			shellScript = "\"${SRCROOT}/Pods/Target Support Files/Pods-TestFramework/Pods-TestFramework-frameworks.sh\"\n";
			showEnvVarsInLog = 0;
		};
/* End PBXShellScriptBuildPhase section */

/* Begin PBXSourcesBuildPhase section */
		2C628C531FAC0C4300B53212 /* Sources */ = {
			isa = PBXSourcesBuildPhase;
			buildActionMask = 2147483647;
			files = (
				2C628C5F1FAC0C4300B53212 /* ViewController.m in Sources */,
				2C628C6A1FAC0C4300B53212 /* main.m in Sources */,
				2C628C5C1FAC0C4300B53212 /* AppDelegate.m in Sources */,
			);
			runOnlyForDeploymentPostprocessing = 0;
		};
		2C628C6B1FAC0C4300B53212 /* Sources */ = {
			isa = PBXSourcesBuildPhase;
			buildActionMask = 2147483647;
			files = (
				2C628C741FAC0C4300B53212 /* TestFrameworkUITests.m in Sources */,
			);
			runOnlyForDeploymentPostprocessing = 0;
		};
/* End PBXSourcesBuildPhase section */

/* Begin PBXTargetDependency section */
		2C628C711FAC0C4300B53212 /* PBXTargetDependency */ = {
			isa = PBXTargetDependency;
			target = 2C628C561FAC0C4300B53212 /* TestFramework */;
			targetProxy = 2C628C701FAC0C4300B53212 /* PBXContainerItemProxy */;
		};
/* End PBXTargetDependency section */

/* Begin PBXVariantGroup section */
		2C628C601FAC0C4300B53212 /* Main.storyboard */ = {
			isa = PBXVariantGroup;
			children = (
				2C628C611FAC0C4300B53212 /* Base */,
			);
			name = Main.storyboard;
			sourceTree = "<group>";
		};
		2C628C651FAC0C4300B53212 /* LaunchScreen.storyboard */ = {
			isa = PBXVariantGroup;
			children = (
				2C628C661FAC0C4300B53212 /* Base */,
			);
			name = LaunchScreen.storyboard;
			sourceTree = "<group>";
		};
/* End PBXVariantGroup section */

/* Begin XCBuildConfiguration section */
		2C628C761FAC0C4300B53212 /* Debug */ = {
			isa = XCBuildConfiguration;
			buildSettings = {
				ALWAYS_SEARCH_USER_PATHS = NO;
				CLANG_ANALYZER_NONNULL = YES;
				CLANG_ANALYZER_NUMBER_OBJECT_CONVERSION = YES_AGGRESSIVE;
				CLANG_CXX_LANGUAGE_STANDARD = "gnu++14";
				CLANG_CXX_LIBRARY = "libc++";
				CLANG_ENABLE_MODULES = YES;
				CLANG_ENABLE_OBJC_ARC = YES;
				CLANG_WARN_BLOCK_CAPTURE_AUTORELEASING = YES;
				CLANG_WARN_BOOL_CONVERSION = YES;
				CLANG_WARN_COMMA = YES;
				CLANG_WARN_CONSTANT_CONVERSION = YES;
				CLANG_WARN_DIRECT_OBJC_ISA_USAGE = YES_ERROR;
				CLANG_WARN_DOCUMENTATION_COMMENTS = YES;
				CLANG_WARN_EMPTY_BODY = YES;
				CLANG_WARN_ENUM_CONVERSION = YES;
				CLANG_WARN_INFINITE_RECURSION = YES;
				CLANG_WARN_INT_CONVERSION = YES;
				CLANG_WARN_NON_LITERAL_NULL_CONVERSION = YES;
				CLANG_WARN_OBJC_LITERAL_CONVERSION = YES;
				CLANG_WARN_OBJC_ROOT_CLASS = YES_ERROR;
				CLANG_WARN_RANGE_LOOP_ANALYSIS = YES;
				CLANG_WARN_STRICT_PROTOTYPES = YES;
				CLANG_WARN_SUSPICIOUS_MOVE = YES;
				CLANG_WARN_UNGUARDED_AVAILABILITY = YES_AGGRESSIVE;
				CLANG_WARN_UNREACHABLE_CODE = YES;
				CLANG_WARN__DUPLICATE_METHOD_MATCH = YES;
				CODE_SIGN_IDENTITY = "iPhone Developer";
				COPY_PHASE_STRIP = NO;
				DEBUG_INFORMATION_FORMAT = dwarf;
				ENABLE_STRICT_OBJC_MSGSEND = YES;
				ENABLE_TESTABILITY = YES;
				GCC_C_LANGUAGE_STANDARD = gnu11;
				GCC_DYNAMIC_NO_PIC = NO;
				GCC_NO_COMMON_BLOCKS = YES;
				GCC_OPTIMIZATION_LEVEL = 0;
				GCC_PREPROCESSOR_DEFINITIONS = (
					"DEBUG=1",
					"$(inherited)",
				);
				GCC_WARN_64_TO_32_BIT_CONVERSION = YES;
				GCC_WARN_ABOUT_RETURN_TYPE = YES_ERROR;
				GCC_WARN_UNDECLARED_SELECTOR = YES;
				GCC_WARN_UNINITIALIZED_AUTOS = YES_AGGRESSIVE;
				GCC_WARN_UNUSED_FUNCTION = YES;
				GCC_WARN_UNUSED_VARIABLE = YES;
				IPHONEOS_DEPLOYMENT_TARGET = 11.0;
				MTL_ENABLE_DEBUG_INFO = YES;
				ONLY_ACTIVE_ARCH = YES;
				SDKROOT = iphoneos;
			};
			name = Debug;
		};
		2C628C771FAC0C4300B53212 /* Release */ = {
			isa = XCBuildConfiguration;
			buildSettings = {
				ALWAYS_SEARCH_USER_PATHS = NO;
				CLANG_ANALYZER_NONNULL = YES;
				CLANG_ANALYZER_NUMBER_OBJECT_CONVERSION = YES_AGGRESSIVE;
				CLANG_CXX_LANGUAGE_STANDARD = "gnu++14";
				CLANG_CXX_LIBRARY = "libc++";
				CLANG_ENABLE_MODULES = YES;
				CLANG_ENABLE_OBJC_ARC = YES;
				CLANG_WARN_BLOCK_CAPTURE_AUTORELEASING = YES;
				CLANG_WARN_BOOL_CONVERSION = YES;
				CLANG_WARN_COMMA = YES;
				CLANG_WARN_CONSTANT_CONVERSION = YES;
				CLANG_WARN_DIRECT_OBJC_ISA_USAGE = YES_ERROR;
				CLANG_WARN_DOCUMENTATION_COMMENTS = YES;
				CLANG_WARN_EMPTY_BODY = YES;
				CLANG_WARN_ENUM_CONVERSION = YES;
				CLANG_WARN_INFINITE_RECURSION = YES;
				CLANG_WARN_INT_CONVERSION = YES;
				CLANG_WARN_NON_LITERAL_NULL_CONVERSION = YES;
				CLANG_WARN_OBJC_LITERAL_CONVERSION = YES;
				CLANG_WARN_OBJC_ROOT_CLASS = YES_ERROR;
				CLANG_WARN_RANGE_LOOP_ANALYSIS = YES;
				CLANG_WARN_STRICT_PROTOTYPES = YES;
				CLANG_WARN_SUSPICIOUS_MOVE = YES;
				CLANG_WARN_UNGUARDED_AVAILABILITY = YES_AGGRESSIVE;
				CLANG_WARN_UNREACHABLE_CODE = YES;
				CLANG_WARN__DUPLICATE_METHOD_MATCH = YES;
				CODE_SIGN_IDENTITY = "iPhone Developer";
				COPY_PHASE_STRIP = NO;
				DEBUG_INFORMATION_FORMAT = "dwarf-with-dsym";
				ENABLE_NS_ASSERTIONS = NO;
				ENABLE_STRICT_OBJC_MSGSEND = YES;
				GCC_C_LANGUAGE_STANDARD = gnu11;
				GCC_NO_COMMON_BLOCKS = YES;
				GCC_WARN_64_TO_32_BIT_CONVERSION = YES;
				GCC_WARN_ABOUT_RETURN_TYPE = YES_ERROR;
				GCC_WARN_UNDECLARED_SELECTOR = YES;
				GCC_WARN_UNINITIALIZED_AUTOS = YES_AGGRESSIVE;
				GCC_WARN_UNUSED_FUNCTION = YES;
				GCC_WARN_UNUSED_VARIABLE = YES;
				IPHONEOS_DEPLOYMENT_TARGET = 11.0;
				MTL_ENABLE_DEBUG_INFO = NO;
				SDKROOT = iphoneos;
				VALIDATE_PRODUCT = YES;
			};
			name = Release;
		};
		2C628C791FAC0C4300B53212 /* Debug */ = {
			isa = XCBuildConfiguration;
			baseConfigurationReference = FE6CBC75688A48BE711F51D2 /* Pods-TestFramework.debug.xcconfig */;
			buildSettings = {
				ASSETCATALOG_COMPILER_APPICON_NAME = AppIcon;
				CODE_SIGN_STYLE = Automatic;
				DEVELOPMENT_TEAM = LNXRPG37BW;
				INFOPLIST_FILE = TestFramework/Info.plist;
				IPHONEOS_DEPLOYMENT_TARGET = 8.0;
				LD_RUNPATH_SEARCH_PATHS = "$(inherited) @executable_path/Frameworks";
				PRODUCT_BUNDLE_IDENTIFIER = com.areox.mifit.TestFramework;
				PRODUCT_NAME = "$(TARGET_NAME)";
				TARGETED_DEVICE_FAMILY = "1,2";
			};
			name = Debug;
		};
		2C628C7A1FAC0C4300B53212 /* Release */ = {
			isa = XCBuildConfiguration;
			baseConfigurationReference = B09E80B1245FFEC312FF19E9 /* Pods-TestFramework.release.xcconfig */;
			buildSettings = {
				ASSETCATALOG_COMPILER_APPICON_NAME = AppIcon;
				CODE_SIGN_STYLE = Automatic;
				DEVELOPMENT_TEAM = LNXRPG37BW;
				INFOPLIST_FILE = TestFramework/Info.plist;
				IPHONEOS_DEPLOYMENT_TARGET = 8.0;
				LD_RUNPATH_SEARCH_PATHS = "$(inherited) @executable_path/Frameworks";
				PRODUCT_BUNDLE_IDENTIFIER = com.areox.mifit.TestFramework;
				PRODUCT_NAME = "$(TARGET_NAME)";
				TARGETED_DEVICE_FAMILY = "1,2";
			};
			name = Release;
		};
		2C628C7C1FAC0C4300B53212 /* Debug */ = {
			isa = XCBuildConfiguration;
			buildSettings = {
				CODE_SIGN_STYLE = Automatic;
				DEVELOPMENT_TEAM = LNXRPG37BW;
				INFOPLIST_FILE = TestFrameworkUITests/Info.plist;
				LD_RUNPATH_SEARCH_PATHS = "$(inherited) @executable_path/Frameworks @loader_path/Frameworks";
				PRODUCT_BUNDLE_IDENTIFIER = com.areox.mifit.TestFrameworkUITests;
				PRODUCT_NAME = "$(TARGET_NAME)";
				TARGETED_DEVICE_FAMILY = "1,2";
				TEST_TARGET_NAME = TestFramework;
			};
			name = Debug;
		};
		2C628C7D1FAC0C4300B53212 /* Release */ = {
			isa = XCBuildConfiguration;
			buildSettings = {
				CODE_SIGN_STYLE = Automatic;
				DEVELOPMENT_TEAM = LNXRPG37BW;
				INFOPLIST_FILE = TestFrameworkUITests/Info.plist;
				LD_RUNPATH_SEARCH_PATHS = "$(inherited) @executable_path/Frameworks @loader_path/Frameworks";
				PRODUCT_BUNDLE_IDENTIFIER = com.areox.mifit.TestFrameworkUITests;
				PRODUCT_NAME = "$(TARGET_NAME)";
				TARGETED_DEVICE_FAMILY = "1,2";
				TEST_TARGET_NAME = TestFramework;
			};
			name = Release;
		};
/* End XCBuildConfiguration section */

/* Begin XCConfigurationList section */
		2C628C521FAC0C4300B53212 /* Build configuration list for PBXProject "TestFramework" */ = {
			isa = XCConfigurationList;
			buildConfigurations = (
				2C628C761FAC0C4300B53212 /* Debug */,
				2C628C771FAC0C4300B53212 /* Release */,
			);
			defaultConfigurationIsVisible = 0;
			defaultConfigurationName = Release;
		};
		2C628C781FAC0C4300B53212 /* Build configuration list for PBXNativeTarget "TestFramework" */ = {
			isa = XCConfigurationList;
			buildConfigurations = (
				2C628C791FAC0C4300B53212 /* Debug */,
				2C628C7A1FAC0C4300B53212 /* Release */,
			);
			defaultConfigurationIsVisible = 0;
			defaultConfigurationName = Release;
		};
		2C628C7B1FAC0C4300B53212 /* Build configuration list for PBXNativeTarget "TestFrameworkUITests" */ = {
			isa = XCConfigurationList;
			buildConfigurations = (
				2C628C7C1FAC0C4300B53212 /* Debug */,
				2C628C7D1FAC0C4300B53212 /* Release */,
			);
			defaultConfigurationIsVisible = 0;
			defaultConfigurationName = Release;
		};
/* End XCConfigurationList section */
	};
	rootObject = 2C628C4F1FAC0C4300B53212 /* Project object */;
}
